<Project xmlns="http://schemas.microsoft.com/developer/msbuild/2003">
    <PropertyGroup>
        <ProjectGuid>{22D746AE-94D0-4F01-B1FA-AF8DD923FB25}</ProjectGuid>
        <MainSource>Generator.dpr</MainSource>
        <Config Condition="'$(Config)'==''">Debug</Config>
        <DCC_DCCCompiler>DCC32</DCC_DCCCompiler>
        <ProjectVersion>15.3</ProjectVersion>
        <FrameworkType>VCL</FrameworkType>
        <Base>True</Base>
        <Platform Condition="'$(Platform)'==''">Win32</Platform>
        <TargetedPlatforms>1</TargetedPlatforms>
        <AppType>Library</AppType>
    </PropertyGroup>
    <PropertyGroup Condition="'$(Config)'=='Base' or '$(Base)'!=''">
        <Base>true</Base>
    </PropertyGroup>
    <PropertyGroup Condition="('$(Platform)'=='Win32' and '$(Base)'=='true') or '$(Base_Win32)'!=''">
        <Base_Win32>true</Base_Win32>
        <CfgParent>Base</CfgParent>
        <Base>true</Base>
    </PropertyGroup>
    <PropertyGroup Condition="('$(Platform)'=='Win64' and '$(Base)'=='true') or '$(Base_Win64)'!=''">
        <Base_Win64>true</Base_Win64>
        <CfgParent>Base</CfgParent>
        <Base>true</Base>
    </PropertyGroup>
    <PropertyGroup Condition="'$(Config)'=='Release' or '$(Cfg_1)'!=''">
        <Cfg_1>true</Cfg_1>
        <CfgParent>Base</CfgParent>
        <Base>true</Base>
    </PropertyGroup>
    <PropertyGroup Condition="('$(Platform)'=='Win32' and '$(Cfg_1)'=='true') or '$(Cfg_1_Win32)'!=''">
        <Cfg_1_Win32>true</Cfg_1_Win32>
        <CfgParent>Cfg_1</CfgParent>
        <Cfg_1>true</Cfg_1>
        <Base>true</Base>
    </PropertyGroup>
    <PropertyGroup Condition="'$(Config)'=='Debug' or '$(Cfg_2)'!=''">
        <Cfg_2>true</Cfg_2>
        <CfgParent>Base</CfgParent>
        <Base>true</Base>
    </PropertyGroup>
    <PropertyGroup Condition="('$(Platform)'=='Win32' and '$(Cfg_2)'=='true') or '$(Cfg_2_Win32)'!=''">
        <Cfg_2_Win32>true</Cfg_2_Win32>
        <CfgParent>Cfg_2</CfgParent>
        <Cfg_2>true</Cfg_2>
        <Base>true</Base>
    </PropertyGroup>
    <PropertyGroup Condition="'$(Base)'!=''">
        <DCC_DcuOutput>.\$(Platform)\$(Config)</DCC_DcuOutput>
        <Manifest_File>None</Manifest_File>
        <DCC_Namespace>System;Xml;Data;Datasnap;Web;Soap;System.Win;Winapi;Vcl;Vcl.Shell;Vcl.Imaging;Vcl.Touch;Vcl.Samples;$(DCC_Namespace)</DCC_Namespace>
        <VerInfo_Release>2</VerInfo_Release>
        <VerInfo_MinorVer>1</VerInfo_MinorVer>
        <VerInfo_Build>48</VerInfo_Build>
        <VerInfo_IncludeVerInfo>true</VerInfo_IncludeVerInfo>
        <VerInfo_Locale>1033</VerInfo_Locale>
        <VerInfo_Keys>CompanyName=;FileDescription=;FileVersion=1.1.2.48;InternalName=;LegalCopyright=;LegalTrademarks=;OriginalFilename=;ProductName=Documentation  Generator;ProductVersion=1.1;Comments=</VerInfo_Keys>
        <VerInfo_AutoGenVersion>true</VerInfo_AutoGenVersion>
        <DCC_DebugDCUs>true</DCC_DebugDCUs>
        <DCC_UnitSearchPath>..\..\..\staruml\components\plastic-components\src;..\..\..\staruml\src;..\translators\excel-translator;..\translators\powerpoint-translator;..\translators\text-translator;..\translators\word-translator;$(DCC_UnitSearchPath)</DCC_UnitSearchPath>
        <DCC_ExeOutput>..\..\deploy\staruml-generator</DCC_ExeOutput>
        <DCC_DependencyCheckOutputName>..\..\deploy\staruml-generator\Generator.dll</DCC_DependencyCheckOutputName>
        <GenDll>true</GenDll>
        <DCC_ImageBase>00400000</DCC_ImageBase>
        <DCC_Platform>x86</DCC_Platform>
    </PropertyGroup>
    <PropertyGroup Condition="'$(Base_Win32)'!=''">
        <VerInfo_AutoGenVersion>false</VerInfo_AutoGenVersion>
        <VerInfo_Build>50</VerInfo_Build>
        <DCC_Namespace>Data.Win;Datasnap.Win;Web.Win;Soap.Win;Xml.Win;Bde;$(DCC_Namespace)</DCC_Namespace>
        <VerInfo_Keys>CompanyName=;FileDescription=;FileVersion=1.1.2.50;InternalName=;LegalCopyright=;LegalTrademarks=;OriginalFilename=;ProductName=;ProductVersion=1.1.2;Comments=</VerInfo_Keys>
    </PropertyGroup>
    <PropertyGroup Condition="'$(Base_Win64)'!=''">
        <Icon_MainIcon>Generator_Icon1.ico</Icon_MainIcon>
    </PropertyGroup>
    <PropertyGroup Condition="'$(Cfg_1)'!=''">
        <DCC_LocalDebugSymbols>false</DCC_LocalDebugSymbols>
        <DCC_Define>RELEASE;$(DCC_Define)</DCC_Define>
        <DCC_SymbolReferenceInfo>0</DCC_SymbolReferenceInfo>
        <DCC_DebugInformation>0</DCC_DebugInformation>
    </PropertyGroup>
    <PropertyGroup Condition="'$(Cfg_1_Win32)'!=''">
        <VerInfo_Build>50</VerInfo_Build>
        <VerInfo_AutoGenVersion>false</VerInfo_AutoGenVersion>
        <VerInfo_Keys>CompanyName=;FileDescription=;FileVersion=1.1.2.50;InternalName=;LegalCopyright=;LegalTrademarks=;OriginalFilename=;ProductName=;ProductVersion=1.1.2;Comments=</VerInfo_Keys>
    </PropertyGroup>
    <PropertyGroup Condition="'$(Cfg_2)'!=''">
        <DCC_Inlining>off</DCC_Inlining>
        <Manifest_File>None</Manifest_File>
        <DCC_RunTimeTypeInfo>true</DCC_RunTimeTypeInfo>
        <DCC_GenerateStackFrames>true</DCC_GenerateStackFrames>
        <DCC_Optimize>false</DCC_Optimize>
        <DCC_Define>DEBUG;$(DCC_Define)</DCC_Define>
    </PropertyGroup>
    <PropertyGroup Condition="'$(Cfg_2_Win32)'!=''">
        <VerInfo_AutoGenVersion>false</VerInfo_AutoGenVersion>
        <DCC_RangeChecking>true</DCC_RangeChecking>
        <DCC_IntegerOverflowCheck>true</DCC_IntegerOverflowCheck>
        <VerInfo_Release>0</VerInfo_Release>
        <VerInfo_Build>0</VerInfo_Build>
        <VerInfo_Keys>CompanyName=;FileDescription=;FileVersion=1.0.0.0;InternalName=;LegalCopyright=;LegalTrademarks=;OriginalFilename=;ProductName=;ProductVersion=1.0.0.0;Comments=</VerInfo_Keys>
        <VerInfo_MinorVer>0</VerInfo_MinorVer>
    </PropertyGroup>
    <ItemGroup>
        <DelphiCompile Include="$(MainSource)">
            <MainSource>MainSource</MainSource>
        </DelphiCompile>
        <DCCReference Include="WSGenerator_TLB.pas"/>
        <DCCReference Include="DirectMDAProc.pas">
            <CoClasses>GeneratorProcessor</CoClasses>
        </DCCReference>
        <DCCReference Include="HashTable.pas">
            <CoClasses>HashTable</CoClasses>
        </DCCReference>
        <DCCReference Include="DirectMDAObjects.pas"/>
        <DCCReference Include="Serializers.pas"/>
        <DCCReference Include="Symbols.pas"/>
        <DCCReference Include="Utilities.pas"/>
        <DCCReference Include="PieFrm.pas">
            <Form>PieForm</Form>
            <FormType>dfm</FormType>
        </DCCReference>
        <DCCReference Include="DirectMDADlg.pas">
            <CoClasses>GeneratorApplication</CoClasses>
        </DCCReference>
        <DCCReference Include="TaskInfoFrm.pas">
            <Form>TaskInformationForm</Form>
            <FormType>dfm</FormType>
        </DCCReference>
        <DCCReference Include="BatchFrm.pas">
            <Form>BatchFrame</Form>
            <FormType>dfm</FormType>
            <DesignClass>TFrame</DesignClass>
        </DCCReference>
        <DCCReference Include="PreviewFrm.pas">
            <Form>PreviewForm</Form>
            <FormType>dfm</FormType>
        </DCCReference>
        <DCCReference Include="BatchRegisterFrm.pas">
            <Form>BatchRegisterForm</Form>
            <FormType>dfm</FormType>
        </DCCReference>
        <DCCReference Include="BatchSelFrm.pas">
            <Form>BatchSelectionForm</Form>
            <FormType>dfm</FormType>
        </DCCReference>
        <DCCReference Include="TemplateRegFrm.pas">
            <Form>TemplateRegisterForm</Form>
            <FormType>dfm</FormType>
        </DCCReference>
        <DCCReference Include="ProfileSelFrm.pas">
            <Form>ProfileSelectorForm</Form>
            <FormType>dfm</FormType>
        </DCCReference>
        <DCCReference Include="ColEdtFrm.pas">
            <Form>CollectionEditorForm</Form>
            <FormType>dfm</FormType>
        </DCCReference>
        <DCCReference Include="ParamDefFrm.pas">
            <Form>ParameterDefinitionForm</Form>
            <FormType>dfm</FormType>
        </DCCReference>
        <DCCReference Include="NewFolderFrm.pas">
            <Form>NewFolderForm</Form>
            <FormType>dfm</FormType>
        </DCCReference>
        <DCCReference Include="NewParamFrm.pas">
            <Form>NewParameterForm</Form>
            <FormType>dfm</FormType>
        </DCCReference>
        <DCCReference Include="NewTemplateDlg.pas">
            <Form>NewTemplateDialog</Form>
        </DCCReference>
        <RidlCompile Include="Generator.ridl"/>
        <BuildConfiguration Include="Debug">
            <Key>Cfg_2</Key>
            <CfgParent>Base</CfgParent>
        </BuildConfiguration>
        <BuildConfiguration Include="Base">
            <Key>Base</Key>
        </BuildConfiguration>
        <BuildConfiguration Include="Release">
            <Key>Cfg_1</Key>
            <CfgParent>Base</CfgParent>
        </BuildConfiguration>
    </ItemGroup>
    <Import Project="$(BDS)\Bin\CodeGear.Delphi.Targets" Condition="Exists('$(BDS)\Bin\CodeGear.Delphi.Targets')"/>
    <ProjectExtensions>
        <Borland.Personality>Delphi.Personality.12</Borland.Personality>
        <Borland.ProjectType>VCLApplication</Borland.ProjectType>
        <BorlandProject>
            <Delphi.Personality>
                <Source>
                    <Source Name="MainSource">Generator.dpr</Source>
                </Source>
                <Parameters>
                    <Parameters Name="UseLauncher">False</Parameters>
                    <Parameters Name="LoadAllSymbols">True</Parameters>
                    <Parameters Name="LoadUnspecifiedSymbols">False</Parameters>
                </Parameters>
                <VersionInfo>
                    <VersionInfo Name="IncludeVerInfo">True</VersionInfo>
                    <VersionInfo Name="AutoIncBuild">True</VersionInfo>
                    <VersionInfo Name="MajorVer">1</VersionInfo>
                    <VersionInfo Name="MinorVer">1</VersionInfo>
                    <VersionInfo Name="Release">2</VersionInfo>
                    <VersionInfo Name="Build">49</VersionInfo>
                    <VersionInfo Name="Debug">False</VersionInfo>
                    <VersionInfo Name="PreRelease">False</VersionInfo>
                    <VersionInfo Name="Special">False</VersionInfo>
                    <VersionInfo Name="Private">False</VersionInfo>
                    <VersionInfo Name="DLL">False</VersionInfo>
                    <VersionInfo Name="Locale">1033</VersionInfo>
                    <VersionInfo Name="CodePage">1252</VersionInfo>
                </VersionInfo>
                <VersionInfoKeys>
                    <VersionInfoKeys Name="CompanyName"/>
                    <VersionInfoKeys Name="FileDescription"/>
                    <VersionInfoKeys Name="FileVersion">1.1.2.49</VersionInfoKeys>
                    <VersionInfoKeys Name="InternalName"/>
                    <VersionInfoKeys Name="LegalCopyright"/>
                    <VersionInfoKeys Name="LegalTrademarks"/>
                    <VersionInfoKeys Name="OriginalFilename"/>
                    <VersionInfoKeys Name="ProductName">Documentation  Generator</VersionInfoKeys>
                    <VersionInfoKeys Name="ProductVersion">1.1</VersionInfoKeys>
                    <VersionInfoKeys Name="Comments"/>
                </VersionInfoKeys>
                <Excluded_Packages>
                    <Excluded_Packages Name="$(BDSBIN)\dcloffice2k190.bpl">Microsoft Office 2000 Sample Automation Server Wrapper Components</Excluded_Packages>
                    <Excluded_Packages Name="$(BDSBIN)\dclofficexp190.bpl">Microsoft Office XP Sample Automation Server Wrapper Components</Excluded_Packages>
                </Excluded_Packages>
            </Delphi.Personality>
            <ActiveXProjectInfo>
                <version>1</version>
            </ActiveXProjectInfo>
            <Platforms>
                <Platform value="OSX32">False</Platform>
                <Platform value="Win32">True</Platform>
                <Platform value="Win64">False</Platform>
            </Platforms>
        </BorlandProject>
        <ProjectFileVersion>12</ProjectFileVersion>
    </ProjectExtensions>
    <Import Project="$(APPDATA)\Embarcadero\$(BDSAPPDATABASEDIR)\$(PRODUCTVERSION)\UserTools.proj" Condition="Exists('$(APPDATA)\Embarcadero\$(BDSAPPDATABASEDIR)\$(PRODUCTVERSION)\UserTools.proj')"/>
</Project>
