
Microsoft Visual Studio Solution File, Format Version 12.00
# Visual Studio 14
VisualStudioVersion = 14.0.23107.0
MinimumVisualStudioVersion = 10.0.40219.1
Project("{FAE04EC0-301F-11D3-BF4B-00C04F79EFBC}") = "ParserCore", "ParserCore.csproj", "{20405F80-5B6C-4DED-A631-10A37B2B3CFC}"
EndProject
Project("{FAE04EC0-301F-11D3-BF4B-00C04F79EFBC}") = "NxSyntaxValidator", "..\NxSyntaxValidator\NxSyntaxValidator.csproj", "{4059AEE7-72AB-4CE4-8937-571915C48046}"
EndProject
Global
	GlobalSection(SolutionConfigurationPlatforms) = preSolution
		Debug|Any CPU = Debug|Any CPU
		Release|Any CPU = Release|Any CPU
	EndGlobalSection
	GlobalSection(ProjectConfigurationPlatforms) = postSolution
		{20405F80-5B6C-4DED-A631-10A37B2B3CFC}.Debug|Any CPU.ActiveCfg = Debug|Any CPU
		{20405F80-5B6C-4DED-A631-10A37B2B3CFC}.Debug|Any CPU.Build.0 = Debug|Any CPU
		{20405F80-5B6C-4DED-A631-10A37B2B3CFC}.Release|Any CPU.ActiveCfg = Release|Any CPU
		{20405F80-5B6C-4DED-A631-10A37B2B3CFC}.Release|Any CPU.Build.0 = Release|Any CPU
		{4059AEE7-72AB-4CE4-8937-571915C48046}.Debug|Any CPU.ActiveCfg = Debug|Any CPU
		{4059AEE7-72AB-4CE4-8937-571915C48046}.Debug|Any CPU.Build.0 = Debug|Any CPU
		{4059AEE7-72AB-4CE4-8937-571915C48046}.Release|Any CPU.ActiveCfg = Release|Any CPU
		{4059AEE7-72AB-4CE4-8937-571915C48046}.Release|Any CPU.Build.0 = Release|Any CPU
	EndGlobalSection
	GlobalSection(SolutionProperties) = preSolution
		HideSolutionNode = FALSE
	EndGlobalSection
EndGlobal
