<Project xmlns="http://schemas.microsoft.com/developer/msbuild/2003">
    <PropertyGroup>
        <ProjectGuid>{6800C90C-8B49-4B15-8E46-9015DA5876D8}</ProjectGuid>
        <MainSource>WhiteStarUML.dpr</MainSource>
        <Config Condition="'$(Config)'==''">Debug</Config>
        <DCC_DCCCompiler>DCC32</DCC_DCCCompiler>
        <ProjectVersion>15.3</ProjectVersion>
        <FrameworkType>VCL</FrameworkType>
        <Base>True</Base>
        <Platform Condition="'$(Platform)'==''">Win32</Platform>
        <TargetedPlatforms>1</TargetedPlatforms>
        <AppType>Application</AppType>
    </PropertyGroup>
    <PropertyGroup Condition="'$(Config)'=='Base' or '$(Base)'!=''">
        <Base>true</Base>
    </PropertyGroup>
    <PropertyGroup Condition="('$(Platform)'=='Win32' and '$(Base)'=='true') or '$(Base_Win32)'!=''">
        <Base_Win32>true</Base_Win32>
        <CfgParent>Base</CfgParent>
        <Base>true</Base>
    </PropertyGroup>
    <PropertyGroup Condition="('$(Platform)'=='Win64' and '$(Base)'=='true') or '$(Base_Win64)'!=''">
        <Base_Win64>true</Base_Win64>
        <CfgParent>Base</CfgParent>
        <Base>true</Base>
    </PropertyGroup>
    <PropertyGroup Condition="'$(Config)'=='Release' or '$(Cfg_1)'!=''">
        <Cfg_1>true</Cfg_1>
        <CfgParent>Base</CfgParent>
        <Base>true</Base>
    </PropertyGroup>
    <PropertyGroup Condition="('$(Platform)'=='Win32' and '$(Cfg_1)'=='true') or '$(Cfg_1_Win32)'!=''">
        <Cfg_1_Win32>true</Cfg_1_Win32>
        <CfgParent>Cfg_1</CfgParent>
        <Cfg_1>true</Cfg_1>
        <Base>true</Base>
    </PropertyGroup>
    <PropertyGroup Condition="'$(Config)'=='Debug' or '$(Cfg_2)'!=''">
        <Cfg_2>true</Cfg_2>
        <CfgParent>Base</CfgParent>
        <Base>true</Base>
    </PropertyGroup>
    <PropertyGroup Condition="('$(Platform)'=='Win32' and '$(Cfg_2)'=='true') or '$(Cfg_2_Win32)'!=''">
        <Cfg_2_Win32>true</Cfg_2_Win32>
        <CfgParent>Cfg_2</CfgParent>
        <Cfg_2>true</Cfg_2>
        <Base>true</Base>
    </PropertyGroup>
    <PropertyGroup Condition="'$(Base)'!=''">
        <Icon_MainIcon>WhiteStarUML_Icon.ico</Icon_MainIcon>
        <DCC_Define>NO_INSTALL_;$(DCC_Define)</DCC_Define>
        <DCC_DcuOutput>.\$(Platform)\$(Config)</DCC_DcuOutput>
        <Manifest_File>None</Manifest_File>
        <VerInfo_Locale>1033</VerInfo_Locale>
        <VerInfo_IncludeVerInfo>true</VerInfo_IncludeVerInfo>
        <VerInfo_Keys>CompanyName=;FileDescription=;FileVersion=5.5.0.0;InternalName=;LegalCopyright=;LegalTrademarks=;OriginalFilename=;ProductName=WhiteStarUML;ProductVersion=5.4.8;Comments=</VerInfo_Keys>
        <VerInfo_MajorVer>5</VerInfo_MajorVer>
        <VerInfo_MinorVer>5</VerInfo_MinorVer>
        <DCC_Namespace>Vcl;Vcl.Imaging;Vcl.Touch;Vcl.Samples;Vcl.Shell;System;Xml;Data;Datasnap;Web;Soap;System.Win;Winapi;Xml.Win;IW.Content;$(DCC_Namespace)</DCC_Namespace>
        <DCC_SYMBOL_PLATFORM>false</DCC_SYMBOL_PLATFORM>
        <DCC_DebugInformation>0</DCC_DebugInformation>
        <DCC_ExeOutput>..\deploy</DCC_ExeOutput>
        <BRCC_Verbose>true</BRCC_Verbose>
        <BRCC_CompilerToUse>rc</BRCC_CompilerToUse>
        <DCC_UnitSearchPath>..\components\plastic-components\src;option-manager;$(DCC_UnitSearchPath)</DCC_UnitSearchPath>
        <DCC_ImageBase>00400000</DCC_ImageBase>
        <DCC_UNSAFE_TYPE>true</DCC_UNSAFE_TYPE>
        <DCC_Platform>x86</DCC_Platform>
        <DCC_DependencyCheckOutputName>..\deploy\WhiteStarUML.exe</DCC_DependencyCheckOutputName>
        <DCC_K>false</DCC_K>
        <DCC_F>false</DCC_F>
        <DCC_S>false</DCC_S>
        <DCC_N>true</DCC_N>
        <DCC_SymbolReferenceInfo>0</DCC_SymbolReferenceInfo>
        <DCC_UNSAFE_CAST>true</DCC_UNSAFE_CAST>
        <DCC_E>false</DCC_E>
        <DCC_AssertionsAtRuntime>false</DCC_AssertionsAtRuntime>
    </PropertyGroup>
    <PropertyGroup Condition="'$(Base_Win32)'!=''">
        <DCC_UsePackage>vcl;rtl;vclactnband;vclx;vclshlctrls;$(DCC_UsePackage)</DCC_UsePackage>
        <DCC_Namespace>Data.Win;Datasnap.Win;Web.Win;Soap.Win;Bde;$(DCC_Namespace)</DCC_Namespace>
    </PropertyGroup>
    <PropertyGroup Condition="'$(Base_Win64)'!=''">
        <DCC_UsePackage>vcl;rtl;vclactnband;vclx;vclshlctrls;$(DCC_UsePackage)</DCC_UsePackage>
        <Icon_MainIcon>WhiteStarUML_Icon4.ico</Icon_MainIcon>
    </PropertyGroup>
    <PropertyGroup Condition="'$(Cfg_1)'!=''">
        <DCC_Define>RELEASE;$(DCC_Define)</DCC_Define>
    </PropertyGroup>
    <PropertyGroup Condition="'$(Cfg_2)'!=''">
        <DCC_RangeChecking>true</DCC_RangeChecking>
        <DCC_IntegerOverflowCheck>true</DCC_IntegerOverflowCheck>
        <DCC_GenerateStackFrames>true</DCC_GenerateStackFrames>
        <DCC_Optimize>false</DCC_Optimize>
        <DCC_DebugDCUs>true</DCC_DebugDCUs>
        <DCC_DebugInformation>true</DCC_DebugInformation>
        <DCC_SymbolReferenceInfo>2</DCC_SymbolReferenceInfo>
        <DCC_AssertionsAtRuntime>true</DCC_AssertionsAtRuntime>
        <DCC_RunTimeTypeInfo>true</DCC_RunTimeTypeInfo>
        <DCC_DebugInfoInExe>true</DCC_DebugInfoInExe>
        <DCC_Define>DEBUG;$(DCC_Define)</DCC_Define>
    </PropertyGroup>
    <PropertyGroup Condition="'$(Cfg_2_Win32)'!=''">
        <BCC_DebugLineNumbers>true</BCC_DebugLineNumbers>
        <BCC_SourceDebuggingOn>true</BCC_SourceDebuggingOn>
        <ILINK_FullDebugInfo>true</ILINK_FullDebugInfo>
        <DCC_Inlining>off</DCC_Inlining>
        <DCC_DebugInformation>2</DCC_DebugInformation>
    </PropertyGroup>
    <ItemGroup>
        <DelphiCompile Include="$(MainSource)">
            <MainSource>MainSource</MainSource>
        </DelphiCompile>
        <DCCReference Include="BasicClasses.pas"/>
        <DCCReference Include="Core.pas"/>
        <DCCReference Include="GraphicClasses.pas"/>
        <DCCReference Include="ViewCore.pas"/>
        <DCCReference Include="UMLViews.pas"/>
        <DCCReference Include="ProjectMgr.pas"/>
        <DCCReference Include="StarUMLApp.pas"/>
        <DCCReference Include="Main.pas"/>
        <DCCReference Include="Handlers.pas"/>
        <DCCReference Include="ColEdtFrm.pas">
            <Form>CollectionEditorForm</Form>
            <FormType>dfm</FormType>
        </DCCReference>
        <DCCReference Include="UMLVerify.pas"/>
        <DCCReference Include="AboutFrm.pas">
            <Form>AboutForm</Form>
            <FormType>dfm</FormType>
        </DCCReference>
        <DCCReference Include="ElemSelFrm.pas">
            <Form>ElementSelectorForm</Form>
            <FormType>dfm</FormType>
        </DCCReference>
        <DCCReference Include="ClipboardMgr.pas"/>
        <DCCReference Include="UMLFacto.pas"/>
        <DCCReference Include="UMLAux.pas"/>
        <DCCReference Include="DiagramEditors.pas"/>
        <DCCReference Include="SelectionMgr.pas"/>
        <DCCReference Include="CmdExec.pas"/>
        <DCCReference Include="LogMgr.pas"/>
        <DCCReference Include="UMLModels.pas"/>
        <DCCReference Include="UMLProps.pas"/>
        <DCCReference Include="StereoSelFrm.pas">
            <Form>StereotypeSelectorForm</Form>
            <FormType>dfm</FormType>
        </DCCReference>
        <DCCReference Include="ConstEdtFrm.pas">
            <Form>ConstraintEditorForm</Form>
            <FormType>dfm</FormType>
        </DCCReference>
        <DCCReference Include="AttachItemEdtFrm.pas">
            <Form>AttachmentItemEditForm</Form>
            <FormType>dfm</FormType>
        </DCCReference>
        <DCCReference Include="ConstItemEdtFrm.pas">
            <Form>ConstraintItemEditForm</Form>
            <FormType>dfm</FormType>
        </DCCReference>
        <DCCReference Include="ProfileMgrFrm.pas">
            <Form>ProfileManagerForm</Form>
            <FormType>dfm</FormType>
        </DCCReference>
        <DCCReference Include="ElemLstFrm.pas">
            <Form>ElementListForm</Form>
            <FormType>dfm</FormType>
        </DCCReference>
        <DCCReference Include="ImportFrameworkFrm.pas">
            <Form>ImportFrameworkForm</Form>
            <FormType>dfm</FormType>
        </DCCReference>
        <DCCReference Include="OptionDeps.pas"/>
        <DCCReference Include="ExprParsers.pas"/>
        <DCCReference Include="CoreAuto.pas"/>
        <DCCReference Include="UMLModelsAuto.pas"/>
        <DCCReference Include="ViewCoreAuto.pas"/>
        <DCCReference Include="UMLViewsAuto.pas"/>
        <DCCReference Include="StarUMLAppAuto.pas"/>
        <DCCReference Include="FrwMgr.pas"/>
        <DCCReference Include="ApprMgr.pas"/>
        <DCCReference Include="FindFrm.pas">
            <Form>FindForm</Form>
            <FormType>dfm</FormType>
        </DCCReference>
        <DCCReference Include="AddInMgrFrm.pas">
            <Form>AddInMgrForm</Form>
            <FormType>dfm</FormType>
        </DCCReference>
        <DCCReference Include="ModelVerifierFrm.pas">
            <Form>ModelVerifierForm</Form>
            <FormType>dfm</FormType>
        </DCCReference>
        <DCCReference Include="AddInMgr.pas"/>
        <DCCReference Include="ModelExpFilterFrm.pas">
            <Form>ModelExplorerFilterForm</Form>
            <FormType>dfm</FormType>
        </DCCReference>
        <DCCReference Include="NewProjFrm.pas">
            <Form>NewProjFrm</Form>
            <FormType>dfm</FormType>
        </DCCReference>
        <DCCReference Include="PrintFrm.pas">
            <Form>PrintForm</Form>
            <FormType>dfm</FormType>
        </DCCReference>
        <DCCReference Include="PrintPreviewFrm.pas">
            <Form>PrintPreviewForm</Form>
            <FormType>dfm</FormType>
        </DCCReference>
        <DCCReference Include="PageSetupFrm.pas">
            <Form>PageSetupForm</Form>
            <FormType>dfm</FormType>
        </DCCReference>
        <DCCReference Include="SplashFrm.pas">
            <Form>SplashForm</Form>
            <FormType>dfm</FormType>
        </DCCReference>
        <DCCReference Include="LayoutDgm.pas"/>
        <DCCReference Include="DocuEdt.pas">
            <Form>DocumentationEditor</Form>
            <FormType>dfm</FormType>
            <DesignClass>TFrame</DesignClass>
        </DCCReference>
        <DCCReference Include="AttachEdt.pas">
            <Form>AttachmentEditor</Form>
            <FormType>dfm</FormType>
            <DesignClass>TFrame</DesignClass>
        </DCCReference>
        <DCCReference Include="PropEdt.pas">
            <Form>PropertyEditor</Form>
            <FormType>dfm</FormType>
            <DesignClass>TFrame</DesignClass>
        </DCCReference>
        <DCCReference Include="OutputFrame.pas">
            <Form>OutputPanel</Form>
            <FormType>dfm</FormType>
            <DesignClass>TFrame</DesignClass>
        </DCCReference>
        <DCCReference Include="MessageFrame.pas">
            <Form>MessagePanel</Form>
            <FormType>dfm</FormType>
            <DesignClass>TFrame</DesignClass>
        </DCCReference>
        <DCCReference Include="ExtCore.pas"/>
        <DCCReference Include="ExtCoreAuto.pas"/>
        <DCCReference Include="UMLAuxAuto.pas"/>
        <DCCReference Include="QuickDialogFrm.pas">
            <Form>QuickDialogForm</Form>
            <FormType>dfm</FormType>
        </DCCReference>
        <DCCReference Include="DiagramMapFrm.pas">
            <Form>DiagramMapForm</Form>
            <FormType>dfm</FormType>
        </DCCReference>
        <DCCReference Include="EventPub.pas"/>
        <DCCReference Include="HtmlHlp.pas"/>
        <DCCReference Include="TagColEdtFrm.pas">
            <Form>TaggedValueCollectionEditorForm</Form>
            <FormType>dfm</FormType>
        </DCCReference>
        <DCCReference Include="NLS_StarUML.pas"/>
        <DCCReference Include="NLS.pas"/>
        <DCCReference Include="DiagramExplorerFrame.pas">
            <Form>DiagramExplorerPanel</Form>
            <FormType>dfm</FormType>
            <DesignClass>TFrame</DesignClass>
        </DCCReference>
        <DCCReference Include="ModelExplorerFrame.pas">
            <Form>ModelExplorerPanel</Form>
            <FormType>dfm</FormType>
            <DesignClass>TFrame</DesignClass>
        </DCCReference>
        <DCCReference Include="ShortenSyntaxMgr.pas"/>
        <DCCReference Include="InteractionMgr.pas"/>
        <DCCReference Include="NXMgr.pas"/>
        <DCCReference Include="ContributorMgr.pas"/>
        <DCCReference Include="WorkingAreaFrm.pas">
            <Form>WorkingAreaFrame</Form>
            <FormType>dfm</FormType>
            <DesignClass>TFrame</DesignClass>
        </DCCReference>
        <DCCReference Include="InspectorFrm.pas">
            <Form>InspectorFrame</Form>
            <FormType>dfm</FormType>
            <DesignClass>TFrame</DesignClass>
        </DCCReference>
        <DCCReference Include="JvclExtensions.pas"/>
        <DCCReference Include="TagEdtFrm.pas">
            <Form>TaggedValueEditorForm</Form>
            <FormType>dfm</FormType>
        </DCCReference>
        <DCCReference Include="TagEdtFrmWithJvclInspector.pas">
            <Form>TaggedValueEditorFormWithJvclInspector</Form>
            <FormType>dfm</FormType>
        </DCCReference>
        <DCCReference Include="PropEdtWithJvclInspector.pas">
            <Form>PropertyEditorWithJvclInspector</Form>
            <FormType>dfm</FormType>
            <DesignClass>TFrame</DesignClass>
        </DCCReference>
        <DCCReference Include="NavBarFrame.pas">
            <Form>PaletteNavBarFrame</Form>
            <FormType>dfm</FormType>
            <DesignClass>TFrame</DesignClass>
        </DCCReference>
        <DCCReference Include="NavBarFrameVclImpl.pas">
            <Form>PaletteNavBarFrameVclImpl</Form>
            <FormType>dfm</FormType>
            <DesignClass>TFrame</DesignClass>
        </DCCReference>
        <DCCReference Include="MenuManager.pas"/>
        <DCCReference Include="MenuManagerTdxImpl.pas"/>
        <DCCReference Include="QuickDialogFrmTdxBase.pas">
            <Form>QuickDialogFormTdxBase</Form>
            <FormType>dfm</FormType>
        </DCCReference>
        <DCCReference Include="MainFrm.pas">
            <Form>MainForm</Form>
            <FormType>dfm</FormType>
        </DCCReference>
        <DCCReference Include="WhiteStarUML_TLB.pas"/>
        <DCCReference Include="PGMR101Lib_TLB.pas"/>
        <DCCReference Include="ParserCore_TLB.pas"/>
        <RcCompile Include="WhiteStarUMLManifest.rc">
            <Form>WhiteStarUMLManifest.res</Form>
        </RcCompile>
        <RidlCompile Include="WhiteStarUML.ridl"/>
        <None Include="Profiling\AQtimeModule1.aqt"/>
        <BuildConfiguration Include="Debug">
            <Key>Cfg_2</Key>
            <CfgParent>Base</CfgParent>
        </BuildConfiguration>
        <BuildConfiguration Include="Base">
            <Key>Base</Key>
        </BuildConfiguration>
        <BuildConfiguration Include="Release">
            <Key>Cfg_1</Key>
            <CfgParent>Base</CfgParent>
        </BuildConfiguration>
    </ItemGroup>
    <Import Project="$(BDS)\Bin\CodeGear.Delphi.Targets" Condition="Exists('$(BDS)\Bin\CodeGear.Delphi.Targets')"/>
    <ProjectExtensions>
        <Borland.Personality>Delphi.Personality.12</Borland.Personality>
        <Borland.ProjectType>VCLApplication</Borland.ProjectType>
        <BorlandProject>
            <Delphi.Personality>
                <Source>
                    <Source Name="MainSource">WhiteStarUML.dpr</Source>
                </Source>
                <Parameters>
                    <Parameters Name="UseLauncher">False</Parameters>
                    <Parameters Name="LoadAllSymbols">True</Parameters>
                    <Parameters Name="LoadUnspecifiedSymbols">False</Parameters>
                </Parameters>
                <VersionInfo>
                    <VersionInfo Name="IncludeVerInfo">True</VersionInfo>
                    <VersionInfo Name="AutoIncBuild">True</VersionInfo>
                    <VersionInfo Name="MajorVer">5</VersionInfo>
                    <VersionInfo Name="MinorVer">4</VersionInfo>
                    <VersionInfo Name="Release">8</VersionInfo>
                    <VersionInfo Name="Build">2</VersionInfo>
                    <VersionInfo Name="Debug">False</VersionInfo>
                    <VersionInfo Name="PreRelease">False</VersionInfo>
                    <VersionInfo Name="Special">False</VersionInfo>
                    <VersionInfo Name="Private">False</VersionInfo>
                    <VersionInfo Name="DLL">False</VersionInfo>
                    <VersionInfo Name="Locale">1033</VersionInfo>
                    <VersionInfo Name="CodePage">1252</VersionInfo>
                </VersionInfo>
                <VersionInfoKeys>
                    <VersionInfoKeys Name="CompanyName"/>
                    <VersionInfoKeys Name="FileDescription"/>
                    <VersionInfoKeys Name="FileVersion">5.4.8.2</VersionInfoKeys>
                    <VersionInfoKeys Name="InternalName"/>
                    <VersionInfoKeys Name="LegalCopyright"/>
                    <VersionInfoKeys Name="LegalTrademarks"/>
                    <VersionInfoKeys Name="OriginalFilename"/>
                    <VersionInfoKeys Name="ProductName">WhiteStarUML</VersionInfoKeys>
                    <VersionInfoKeys Name="ProductVersion">5.4.8</VersionInfoKeys>
                    <VersionInfoKeys Name="Comments"/>
                </VersionInfoKeys>
                <Excluded_Packages/>
            </Delphi.Personality>
            <ActiveXProjectInfo>
                <version>1</version>
            </ActiveXProjectInfo>
            <ModelSupport>False</ModelSupport>
            <Platforms>
                <Platform value="Win32">True</Platform>
                <Platform value="Win64">False</Platform>
            </Platforms>
        </BorlandProject>
        <ProjectFileVersion>12</ProjectFileVersion>
    </ProjectExtensions>
    <Import Project="$(APPDATA)\Embarcadero\$(BDSAPPDATABASEDIR)\$(PRODUCTVERSION)\UserTools.proj" Condition="Exists('$(APPDATA)\Embarcadero\$(BDSAPPDATABASEDIR)\$(PRODUCTVERSION)\UserTools.proj')"/>
</Project>
